# THIS IS AN AUTOGENERATED FILE. DO NOT EDIT THIS FILE DIRECTLY.
# yarn lockfile v1


"@mantine/form@^7.9.1":
  version "7.9.1"
  resolved "https://registry.yarnpkg.com/@mantine/form/-/form-7.9.1.tgz#fbdb9862165b7b5df719deb191c210a3696ccfb0"
  integrity sha512-6Z4LkACT1ouoTvtI9hH/rT+L7qvfKnCypUyaCtYpPkA57ANamK7qkmeXXBmbGGOf8mJB+ZSgOvpDVKKRz5iH3Q==
  dependencies:
    fast-deep-equal "^3.1.3"
    klona "^2.0.6"

fast-deep-equal@^3.1.3:
  version "3.1.3"
  resolved "https://registry.yarnpkg.com/fast-deep-equal/-/fast-deep-equal-3.1.3.tgz#3a7d56b559d6cbc3eb512325244e619a65c6c525"
  integrity sha512-f3qQ9oQy9j2AhBe/H9VC91wLmKBCCU/gDOnKNAYG5hswO7BLKj09Hc5HYNz9cGI++xlpDCIgDaitVs03ATR84Q==

klona@^2.0.6:
  version "2.0.6"
  resolved "https://registry.yarnpkg.com/klona/-/klona-2.0.6.tgz#85bffbf819c03b2f53270412420a4555ef882e22"
  integrity sha512-dhG34DXATL5hSxJbIexCft8FChFXtmskoZYnoPWjXQuebWYCNkVeV3KkGegCK9CP1oswI/vQibS2GY7Em/sJJA==
